
Microsoft Visual Studio Solution File, Format Version 12.00
# Visual Studio Version 16
VisualStudioVersion = 16.0.31019.35
MinimumVisualStudioVersion = 10.0.40219.1
Project("{FAE04EC0-301F-11D3-BF4B-00C04F79EFBC}") = "gvss_project", "gvss_project\gvss_project.csproj", "{A00CB815-F5F3-451A-A11E-EB9D0344622A}"
EndProject
Global
	GlobalSection(SolutionConfigurationPlatforms) = preSolution
		Debug|Any CPU = Debug|Any CPU
		Release|Any CPU = Release|Any CPU
	EndGlobalSection
	GlobalSection(ProjectConfigurationPlatforms) = postSolution
		{A00CB815-F5F3-451A-A11E-EB9D0344622A}.Debug|Any CPU.ActiveCfg = Debug|Any CPU
		{A00CB815-F5F3-451A-A11E-EB9D0344622A}.Debug|Any CPU.Build.0 = Debug|Any CPU
		{A00CB815-F5F3-451A-A11E-EB9D0344622A}.Release|Any CPU.ActiveCfg = Release|Any CPU
		{A00CB815-F5F3-451A-A11E-EB9D0344622A}.Release|Any CPU.Build.0 = Release|Any CPU
	EndGlobalSection
	GlobalSection(SolutionProperties) = preSolution
		HideSolutionNode = FALSE
	EndGlobalSection
	GlobalSection(ExtensibilityGlobals) = postSolution
		SolutionGuid = {61325A61-A3EE-49F3-A842-01B430FA3818}
	EndGlobalSection
EndGlobal
